{
  "name": "moderaty-overlock-audit",
  "version": "1.0.0",
  "lockfileVersion": 3,
  "requires": true,
  "packages": {
    "": {
      "name": "moderaty-overlock-audit",
      "version": "1.0.0",
      "dependencies": {
        "overlock": "0.10.4"
      }
    },
    "node_modules/overlock": {
      "version": "0.10.4",
      "resolved": "https://registry.npmjs.org/overlock/-/overlock-0.10.4.tgz",
      "integrity": "sha512-mr8RZAuhDVaWmhIB75qnj5tmHlI86N8igg3/B5U+w8zJ3lM0hOo5q4kKvRKNuhz72boMdKT82ti+v7D16t7QGg==",
      "license": "MIT",
      "bin": {
        "overlock": "dist/cli.js"
      },
      "engines": {
        "node": ">=20.11"
      }
    }
  }
}
